{
  "name": "gl-project",
  "version": "1.0.0",
  "lockfileVersion": 2,
  "requires": true,
  "packages": {
    "": {
      "name": "gl-project",
      "version": "1.0.0",
      "license": "ISC",
      "dependencies": {
        "dep1-bookish-fortnight": "^1.0.0"
      }
    },
    "node_modules/dep1-bookish-fortnight": {
      "version": "1.0.0",
      "resolved": "https://registry.npmjs.org/dep1-bookish-fortnight/-/dep1-bookish-fortnight-1.0.0.tgz",
      "integrity": "sha512-4//3oHcFbDVU1rdy/HmLT9yZLP9fJi9m3cRQJQ/nIQtsQEdH9eiPfpD5MRKcQEIjoExHprnMMXDOBbJLvjho2Q=="
    }
  },
  "dependencies": {
    "dep1-bookish-fortnight": {
      "version": "1.0.0",
      "resolved": "https://registry.npmjs.org/dep1-bookish-fortnight/-/dep1-bookish-fortnight-1.0.0.tgz",
      "integrity": "sha512-4//3oHcFbDVU1rdy/HmLT9yZLP9fJi9m3cRQJQ/nIQtsQEdH9eiPfpD5MRKcQEIjoExHprnMMXDOBbJLvjho2Q=="
    }
  }
}
