{
  "name": "gl-project",
  "version": "1.0.0",
  "lockfileVersion": 2,
  "requires": true,
  "packages": {
    "": {
      "name": "gl-project",
      "version": "1.0.0",
      "license": "ISC",
      "dependencies": {
        "dep1-bookish-fortnight": "^1.0.0"
      }
    },
    "node_modules/dep1-bookish-fortnight": {
      "version": "1.0.2",
      "resolved": "https://registry.npmjs.org/dep1-bookish-fortnight/-/dep1-bookish-fortnight-1.0.2.tgz",
      "integrity": "sha512-PkcCt1BZRHn5C8Y3uBKC8lj03sJmD7TWf7+KxVKIX4ra9Tou8+sWEoWdLqWJT/YBBx/QE/o8PJ8NazikW9V34w=="
    }
  },
  "dependencies": {
    "dep1-bookish-fortnight": {
      "version": "1.0.2",
      "resolved": "https://registry.npmjs.org/dep1-bookish-fortnight/-/dep1-bookish-fortnight-1.0.2.tgz",
      "integrity": "sha512-PkcCt1BZRHn5C8Y3uBKC8lj03sJmD7TWf7+KxVKIX4ra9Tou8+sWEoWdLqWJT/YBBx/QE/o8PJ8NazikW9V34w=="
    }
  }
}
