{
  "name": "gl-project",
  "version": "1.0.0",
  "lockfileVersion": 2,
  "requires": true,
  "packages": {
    "": {
      "name": "gl-project",
      "version": "1.0.0",
      "license": "ISC",
      "dependencies": {
        "dep1-bookish-fortnight": "^1.0.0",
        "dep2-cuddly-bassoon": "^1.0.1"
      }
    },
    "node_modules/dep1-bookish-fortnight": {
      "version": "1.0.0",
      "resolved": "https://registry.npmjs.org/dep1-bookish-fortnight/-/dep1-bookish-fortnight-1.0.0.tgz",
      "integrity": "sha512-4//3oHcFbDVU1rdy/HmLT9yZLP9fJi9m3cRQJQ/nIQtsQEdH9eiPfpD5MRKcQEIjoExHprnMMXDOBbJLvjho2Q=="
    },
    "node_modules/dep2-cuddly-bassoon": {
      "version": "1.0.1",
      "resolved": "https://registry.npmjs.org/dep2-cuddly-bassoon/-/dep2-cuddly-bassoon-1.0.1.tgz",
      "integrity": "sha512-u5Q7YJ8TzeFPi6p0IrcK60S+63VVNfPJmf89mvVVuZNpTWI5BbRWUuGDHD9szGingbAi/dGpXssROdqLGdqcog=="
    }
  },
  "dependencies": {
    "dep1-bookish-fortnight": {
      "version": "1.0.0",
      "resolved": "https://registry.npmjs.org/dep1-bookish-fortnight/-/dep1-bookish-fortnight-1.0.0.tgz",
      "integrity": "sha512-4//3oHcFbDVU1rdy/HmLT9yZLP9fJi9m3cRQJQ/nIQtsQEdH9eiPfpD5MRKcQEIjoExHprnMMXDOBbJLvjho2Q=="
    },
    "dep2-cuddly-bassoon": {
      "version": "1.0.1",
      "resolved": "https://registry.npmjs.org/dep2-cuddly-bassoon/-/dep2-cuddly-bassoon-1.0.1.tgz",
      "integrity": "sha512-u5Q7YJ8TzeFPi6p0IrcK60S+63VVNfPJmf89mvVVuZNpTWI5BbRWUuGDHD9szGingbAi/dGpXssROdqLGdqcog=="
    }
  }
}
